// !$*UTF8*$!
{
	archiveVersion = 1;
	classes = {
	};
	objectVersion = 50;
	objects = {

/* Begin PBXBuildFile section */
		046F1B4D262C5C40008AE9A4 /* AppDelegate.swift in Sources */ = {isa = PBXBuildFile; fileRef = 046F1B4C262C5C40008AE9A4 /* AppDelegate.swift */; };
		046F1B4F262C5C40008AE9A4 /* SceneDelegate.swift in Sources */ = {isa = PBXBuildFile; fileRef = 046F1B4E262C5C40008AE9A4 /* SceneDelegate.swift */; };
		046F1B51262C5C40008AE9A4 /* ViewController.swift in Sources */ = {isa = PBXBuildFile; fileRef = 046F1B50262C5C40008AE9A4 /* ViewController.swift */; };
		046F1B54262C5C40008AE9A4 /* Main.storyboard in Resources */ = {isa = PBXBuildFile; fileRef = 046F1B52262C5C40008AE9A4 /* Main.storyboard */; };
		046F1B56262C5C43008AE9A4 /* Assets.xcassets in Resources */ = {isa = PBXBuildFile; fileRef = 046F1B55262C5C43008AE9A4 /* Assets.xcassets */; };
		046F1B59262C5C43008AE9A4 /* LaunchScreen.storyboard in Resources */ = {isa = PBXBuildFile; fileRef = 046F1B57262C5C43008AE9A4 /* LaunchScreen.storyboard */; };
		046F1B69262DA27A008AE9A4 /* movie.mp3 in Resources */ = {isa = PBXBuildFile; fileRef = 046F1B66262DA279008AE9A4 /* movie.mp3 */; };
		046F1B6A262DA27A008AE9A4 /* cookies.mp3 in Resources */ = {isa = PBXBuildFile; fileRef = 046F1B67262DA279008AE9A4 /* cookies.mp3 */; };
		046F1B6B262DA27A008AE9A4 /* magicBall.mp3 in Resources */ = {isa = PBXBuildFile; fileRef = 046F1B68262DA279008AE9A4 /* magicBall.mp3 */; };
/* End PBXBuildFile section */

/* Begin PBXFileReference section */
		046F1B49262C5C40008AE9A4 /* Wheel of Fortune.app */ = {isa = PBXFileReference; explicitFileType = wrapper.application; includeInIndex = 0; path = "Wheel of Fortune.app"; sourceTree = BUILT_PRODUCTS_DIR; };
		046F1B4C262C5C40008AE9A4 /* AppDelegate.swift */ = {isa = PBXFileReference; lastKnownFileType = sourcecode.swift; path = AppDelegate.swift; sourceTree = "<group>"; };
		046F1B4E262C5C40008AE9A4 /* SceneDelegate.swift */ = {isa = PBXFileReference; lastKnownFileType = sourcecode.swift; path = SceneDelegate.swift; sourceTree = "<group>"; };
		046F1B50262C5C40008AE9A4 /* ViewController.swift */ = {isa = PBXFileReference; lastKnownFileType = sourcecode.swift; path = ViewController.swift; sourceTree = "<group>"; };
		046F1B53262C5C40008AE9A4 /* Base */ = {isa = PBXFileReference; lastKnownFileType = file.storyboard; name = Base; path = Base.lproj/Main.storyboard; sourceTree = "<group>"; };
		046F1B55262C5C43008AE9A4 /* Assets.xcassets */ = {isa = PBXFileReference; lastKnownFileType = folder.assetcatalog; path = Assets.xcassets; sourceTree = "<group>"; };
		046F1B58262C5C43008AE9A4 /* Base */ = {isa = PBXFileReference; lastKnownFileType = file.storyboard; name = Base; path = Base.lproj/LaunchScreen.storyboard; sourceTree = "<group>"; };
		046F1B5A262C5C43008AE9A4 /* Info.plist */ = {isa = PBXFileReference; lastKnownFileType = text.plist.xml; path = Info.plist; sourceTree = "<group>"; };
		046F1B66262DA279008AE9A4 /* movie.mp3 */ = {isa = PBXFileReference; lastKnownFileType = audio.mp3; path = movie.mp3; sourceTree = "<group>"; };
		046F1B67262DA279008AE9A4 /* cookies.mp3 */ = {isa = PBXFileReference; lastKnownFileType = audio.mp3; path = cookies.mp3; sourceTree = "<group>"; };
		046F1B68262DA279008AE9A4 /* magicBall.mp3 */ = {isa = PBXFileReference; lastKnownFileType = audio.mp3; path = magicBall.mp3; sourceTree = "<group>"; };
/* End PBXFileReference section */

/* Begin PBXFrameworksBuildPhase section */
		046F1B46262C5C40008AE9A4 /* Frameworks */ = {
			isa = PBXFrameworksBuildPhase;
			buildActionMask = 2147483647;
			files = (
			);
			runOnlyForDeploymentPostprocessing = 0;
		};
/* End PBXFrameworksBuildPhase section */

/* Begin PBXGroup section */
		046F1B40262C5C40008AE9A4 = {
			isa = PBXGroup;
			children = (
				046F1B4B262C5C40008AE9A4 /* Wheel of Fortune */,
				046F1B4A262C5C40008AE9A4 /* Products */,
			);
			sourceTree = "<group>";
		};
		046F1B4A262C5C40008AE9A4 /* Products */ = {
			isa = PBXGroup;
			children = (
				046F1B49262C5C40008AE9A4 /* Wheel of Fortune.app */,
			);
			name = Products;
			sourceTree = "<group>";
		};
		046F1B4B262C5C40008AE9A4 /* Wheel of Fortune */ = {
			isa = PBXGroup;
			children = (
				046F1B4C262C5C40008AE9A4 /* AppDelegate.swift */,
				046F1B4E262C5C40008AE9A4 /* SceneDelegate.swift */,
				046F1B50262C5C40008AE9A4 /* ViewController.swift */,
				046F1B52262C5C40008AE9A4 /* Main.storyboard */,
				046F1B55262C5C43008AE9A4 /* Assets.xcassets */,
				046F1B57262C5C43008AE9A4 /* LaunchScreen.storyboard */,
				046F1B5A262C5C43008AE9A4 /* Info.plist */,
				046F1B67262DA279008AE9A4 /* cookies.mp3 */,
				046F1B68262DA279008AE9A4 /* magicBall.mp3 */,
				046F1B66262DA279008AE9A4 /* movie.mp3 */,
			);
			path = "Wheel of Fortune";
			sourceTree = "<group>";
		};
/* End PBXGroup section */

/* Begin PBXNativeTarget section */
		046F1B48262C5C40008AE9A4 /* Wheel of Fortune */ = {
			isa = PBXNativeTarget;
			buildConfigurationList = 046F1B5D262C5C43008AE9A4 /* Build configuration list for PBXNativeTarget "Wheel of Fortune" */;
			buildPhases = (
				046F1B45262C5C40008AE9A4 /* Sources */,
				046F1B46262C5C40008AE9A4 /* Frameworks */,
				046F1B47262C5C40008AE9A4 /* Resources */,
			);
			buildRules = (
			);
			dependencies = (
			);
			name = "Wheel of Fortune";
			productName = "Wheel of Fortune";
			productReference = 046F1B49262C5C40008AE9A4 /* Wheel of Fortune.app */;
			productType = "com.apple.product-type.application";
		};
/* End PBXNativeTarget section */

/* Begin PBXProject section */
		046F1B41262C5C40008AE9A4 /* Project object */ = {
			isa = PBXProject;
			attributes = {
				LastSwiftUpdateCheck = 1240;
				LastUpgradeCheck = 1240;
				TargetAttributes = {
					046F1B48262C5C40008AE9A4 = {
						CreatedOnToolsVersion = 12.4;
					};
				};
			};
			buildConfigurationList = 046F1B44262C5C40008AE9A4 /* Build configuration list for PBXProject "Wheel of Fortune" */;
			compatibilityVersion = "Xcode 9.3";
			developmentRegion = en;
			hasScannedForEncodings = 0;
			knownRegions = (
				en,
				Base,
			);
			mainGroup = 046F1B40262C5C40008AE9A4;
			productRefGroup = 046F1B4A262C5C40008AE9A4 /* Products */;
			projectDirPath = "";
			projectRoot = "";
			targets = (
				046F1B48262C5C40008AE9A4 /* Wheel of Fortune */,
			);
		};
/* End PBXProject section */

/* Begin PBXResourcesBuildPhase section */
		046F1B47262C5C40008AE9A4 /* Resources */ = {
			isa = PBXResourcesBuildPhase;
			buildActionMask = 2147483647;
			files = (
				046F1B6A262DA27A008AE9A4 /* cookies.mp3 in Resources */,
				046F1B59262C5C43008AE9A4 /* LaunchScreen.storyboard in Resources */,
				046F1B56262C5C43008AE9A4 /* Assets.xcassets in Resources */,
				046F1B6B262DA27A008AE9A4 /* magicBall.mp3 in Resources */,
				046F1B54262C5C40008AE9A4 /* Main.storyboard in Resources */,
				046F1B69262DA27A008AE9A4 /* movie.mp3 in Resources */,
			);
			runOnlyForDeploymentPostprocessing = 0;
		};
/* End PBXResourcesBuildPhase section */

/* Begin PBXSourcesBuildPhase section */
		046F1B45262C5C40008AE9A4 /* Sources */ = {
			isa = PBXSourcesBuildPhase;
			buildActionMask = 2147483647;
			files = (
				046F1B51262C5C40008AE9A4 /* ViewController.swift in Sources */,
				046F1B4D262C5C40008AE9A4 /* AppDelegate.swift in Sources */,
				046F1B4F262C5C40008AE9A4 /* SceneDelegate.swift in Sources */,
			);
			runOnlyForDeploymentPostprocessing = 0;
		};
/* End PBXSourcesBuildPhase section */

/* Begin PBXVariantGroup section */
		046F1B52262C5C40008AE9A4 /* Main.storyboard */ = {
			isa = PBXVariantGroup;
			children = (
				046F1B53262C5C40008AE9A4 /* Base */,
			);
			name = Main.storyboard;
			sourceTree = "<group>";
		};
		046F1B57262C5C43008AE9A4 /* LaunchScreen.storyboard */ = {
			isa = PBXVariantGroup;
			children = (
				046F1B58262C5C43008AE9A4 /* Base */,
			);
			name = LaunchScreen.storyboard;
			sourceTree = "<group>";
		};
/* End PBXVariantGroup section */

/* Begin XCBuildConfiguration section */
		046F1B5B262C5C43008AE9A4 /* Debug */ = {
			isa = XCBuildConfiguration;
			buildSettings = {
				ALWAYS_SEARCH_USER_PATHS = NO;
				CLANG_ANALYZER_NONNULL = YES;
				CLANG_ANALYZER_NUMBER_OBJECT_CONVERSION = YES_AGGRESSIVE;
				CLANG_CXX_LANGUAGE_STANDARD = "gnu++14";
				CLANG_CXX_LIBRARY = "libc++";
				CLANG_ENABLE_MODULES = YES;
				CLANG_ENABLE_OBJC_ARC = YES;
				CLANG_ENABLE_OBJC_WEAK = YES;
				CLANG_WARN_BLOCK_CAPTURE_AUTORELEASING = YES;
				CLANG_WARN_BOOL_CONVERSION = YES;
				CLANG_WARN_COMMA = YES;
				CLANG_WARN_CONSTANT_CONVERSION = YES;
				CLANG_WARN_DEPRECATED_OBJC_IMPLEMENTATIONS = YES;
				CLANG_WARN_DIRECT_OBJC_ISA_USAGE = YES_ERROR;
				CLANG_WARN_DOCUMENTATION_COMMENTS = YES;
				CLANG_WARN_EMPTY_BODY = YES;
				CLANG_WARN_ENUM_CONVERSION = YES;
				CLANG_WARN_INFINITE_RECURSION = YES;
				CLANG_WARN_INT_CONVERSION = YES;
				CLANG_WARN_NON_LITERAL_NULL_CONVERSION = YES;
				CLANG_WARN_OBJC_IMPLICIT_RETAIN_SELF = YES;
				CLANG_WARN_OBJC_LITERAL_CONVERSION = YES;
				CLANG_WARN_OBJC_ROOT_CLASS = YES_ERROR;
				CLANG_WARN_QUOTED_INCLUDE_IN_FRAMEWORK_HEADER = YES;
				CLANG_WARN_RANGE_LOOP_ANALYSIS = YES;
				CLANG_WARN_STRICT_PROTOTYPES = YES;
				CLANG_WARN_SUSPICIOUS_MOVE = YES;
				CLANG_WARN_UNGUARDED_AVAILABILITY = YES_AGGRESSIVE;
				CLANG_WARN_UNREACHABLE_CODE = YES;
				CLANG_WARN__DUPLICATE_METHOD_MATCH = YES;
				COPY_PHASE_STRIP = NO;
				DEBUG_INFORMATION_FORMAT = dwarf;
				ENABLE_STRICT_OBJC_MSGSEND = YES;
				ENABLE_TESTABILITY = YES;
				GCC_C_LANGUAGE_STANDARD = gnu11;
				GCC_DYNAMIC_NO_PIC = NO;
				GCC_NO_COMMON_BLOCKS = YES;
				GCC_OPTIMIZATION_LEVEL = 0;
				GCC_PREPROCESSOR_DEFINITIONS = (
					"DEBUG=1",
					"$(inherited)",
				);
				GCC_WARN_64_TO_32_BIT_CONVERSION = YES;
				GCC_WARN_ABOUT_RETURN_TYPE = YES_ERROR;
				GCC_WARN_UNDECLARED_SELECTOR = YES;
				GCC_WARN_UNINITIALIZED_AUTOS = YES_AGGRESSIVE;
				GCC_WARN_UNUSED_FUNCTION = YES;
				GCC_WARN_UNUSED_VARIABLE = YES;
				IPHONEOS_DEPLOYMENT_TARGET = 14.4;
				MTL_ENABLE_DEBUG_INFO = INCLUDE_SOURCE;
				MTL_FAST_MATH = YES;
				ONLY_ACTIVE_ARCH = YES;
				SDKROOT = iphoneos;
				SWIFT_ACTIVE_COMPILATION_CONDITIONS = DEBUG;
				SWIFT_OPTIMIZATION_LEVEL = "-Onone";
			};
			name = Debug;
		};
		046F1B5C262C5C43008AE9A4 /* Release */ = {
			isa = XCBuildConfiguration;
			buildSettings = {
				ALWAYS_SEARCH_USER_PATHS = NO;
				CLANG_ANALYZER_NONNULL = YES;
				CLANG_ANALYZER_NUMBER_OBJECT_CONVERSION = YES_AGGRESSIVE;
				CLANG_CXX_LANGUAGE_STANDARD = "gnu++14";
				CLANG_CXX_LIBRARY = "libc++";
				CLANG_ENABLE_MODULES = YES;
				CLANG_ENABLE_OBJC_ARC = YES;
				CLANG_ENABLE_OBJC_WEAK = YES;
				CLANG_WARN_BLOCK_CAPTURE_AUTORELEASING = YES;
				CLANG_WARN_BOOL_CONVERSION = YES;
				CLANG_WARN_COMMA = YES;
				CLANG_WARN_CONSTANT_CONVERSION = YES;
				CLANG_WARN_DEPRECATED_OBJC_IMPLEMENTATIONS = YES;
				CLANG_WARN_DIRECT_OBJC_ISA_USAGE = YES_ERROR;
				CLANG_WARN_DOCUMENTATION_COMMENTS = YES;
				CLANG_WARN_EMPTY_BODY = YES;
				CLANG_WARN_ENUM_CONVERSION = YES;
				CLANG_WARN_INFINITE_RECURSION = YES;
				CLANG_WARN_INT_CONVERSION = YES;
				CLANG_WARN_NON_LITERAL_NULL_CONVERSION = YES;
				CLANG_WARN_OBJC_IMPLICIT_RETAIN_SELF = YES;
				CLANG_WARN_OBJC_LITERAL_CONVERSION = YES;
				CLANG_WARN_OBJC_ROOT_CLASS = YES_ERROR;
				CLANG_WARN_QUOTED_INCLUDE_IN_FRAMEWORK_HEADER = YES;
				CLANG_WARN_RANGE_LOOP_ANALYSIS = YES;
				CLANG_WARN_STRICT_PROTOTYPES = YES;
				CLANG_WARN_SUSPICIOUS_MOVE = YES;
				CLANG_WARN_UNGUARDED_AVAILABILITY = YES_AGGRESSIVE;
				CLANG_WARN_UNREACHABLE_CODE = YES;
				CLANG_WARN__DUPLICATE_METHOD_MATCH = YES;
				COPY_PHASE_STRIP = NO;
				DEBUG_INFORMATION_FORMAT = "dwarf-with-dsym";
				ENABLE_NS_ASSERTIONS = NO;
				ENABLE_STRICT_OBJC_MSGSEND = YES;
				GCC_C_LANGUAGE_STANDARD = gnu11;
				GCC_NO_COMMON_BLOCKS = YES;
				GCC_WARN_64_TO_32_BIT_CONVERSION = YES;
				GCC_WARN_ABOUT_RETURN_TYPE = YES_ERROR;
				GCC_WARN_UNDECLARED_SELECTOR = YES;
				GCC_WARN_UNINITIALIZED_AUTOS = YES_AGGRESSIVE;
				GCC_WARN_UNUSED_FUNCTION = YES;
				GCC_WARN_UNUSED_VARIABLE = YES;
				IPHONEOS_DEPLOYMENT_TARGET = 14.4;
				MTL_ENABLE_DEBUG_INFO = NO;
				MTL_FAST_MATH = YES;
				SDKROOT = iphoneos;
				SWIFT_COMPILATION_MODE = wholemodule;
				SWIFT_OPTIMIZATION_LEVEL = "-O";
				VALIDATE_PRODUCT = YES;
			};
			name = Release;
		};
		046F1B5E262C5C43008AE9A4 /* Debug */ = {
			isa = XCBuildConfiguration;
			buildSettings = {
				ASSETCATALOG_COMPILER_APPICON_NAME = AppIcon;
				ASSETCATALOG_COMPILER_GLOBAL_ACCENT_COLOR_NAME = AccentColor;
				CODE_SIGN_STYLE = Automatic;
				DEVELOPMENT_TEAM = J98SU5UHZZ;
				INFOPLIST_FILE = "Wheel of Fortune/Info.plist";
				LD_RUNPATH_SEARCH_PATHS = (
					"$(inherited)",
					"@executable_path/Frameworks",
				);
				PRODUCT_BUNDLE_IDENTIFIER = "com.nikitam.Wheel-of-Fortune";
				PRODUCT_NAME = "$(TARGET_NAME)";
				SWIFT_VERSION = 5.0;
				TARGETED_DEVICE_FAMILY = 1;
			};
			name = Debug;
		};
		046F1B5F262C5C43008AE9A4 /* Release */ = {
			isa = XCBuildConfiguration;
			buildSettings = {
				ASSETCATALOG_COMPILER_APPICON_NAME = AppIcon;
				ASSETCATALOG_COMPILER_GLOBAL_ACCENT_COLOR_NAME = AccentColor;
				CODE_SIGN_STYLE = Automatic;
				DEVELOPMENT_TEAM = J98SU5UHZZ;
				INFOPLIST_FILE = "Wheel of Fortune/Info.plist";
				LD_RUNPATH_SEARCH_PATHS = (
					"$(inherited)",
					"@executable_path/Frameworks",
				);
				PRODUCT_BUNDLE_IDENTIFIER = "com.nikitam.Wheel-of-Fortune";
				PRODUCT_NAME = "$(TARGET_NAME)";
				SWIFT_VERSION = 5.0;
				TARGETED_DEVICE_FAMILY = 1;
			};
			name = Release;
		};
/* End XCBuildConfiguration section */

/* Begin XCConfigurationList section */
		046F1B44262C5C40008AE9A4 /* Build configuration list for PBXProject "Wheel of Fortune" */ = {
			isa = XCConfigurationList;
			buildConfigurations = (
				046F1B5B262C5C43008AE9A4 /* Debug */,
				046F1B5C262C5C43008AE9A4 /* Release */,
			);
			defaultConfigurationIsVisible = 0;
			defaultConfigurationName = Release;
		};
		046F1B5D262C5C43008AE9A4 /* Build configuration list for PBXNativeTarget "Wheel of Fortune" */ = {
			isa = XCConfigurationList;
			buildConfigurations = (
				046F1B5E262C5C43008AE9A4 /* Debug */,
				046F1B5F262C5C43008AE9A4 /* Release */,
			);
			defaultConfigurationIsVisible = 0;
			defaultConfigurationName = Release;
		};
/* End XCConfigurationList section */
	};
	rootObject = 046F1B41262C5C40008AE9A4 /* Project object */;
}
